{
  "version": 4,
  "terraform_version": "1.1.9",
  "serial": 7,
  "lineage": "3bed092b-3a99-e4cf-985e-260d0ee1262f",
  "outputs": {},
  "resources": [
    {
      "mode": "managed",
      "type": "proxmox_vm_qemu",
      "name": "test_server",
      "provider": "provider[\"registry.terraform.io/telmate/proxmox\"]",
      "instances": [
        {
          "index_key": 0,
          "schema_version": 0,
          "attributes": {
            "additional_wait": 0,
            "agent": 1,
            "args": "",
            "automatic_reboot": true,
            "balloon": 0,
            "bios": "seabios",
            "boot": "c",
            "bootdisk": "scsi0",
            "bridge": "",
            "ci_wait": null,
            "cicustom": "",
            "cipassword": "",
            "ciuser": "dax",
            "clone": "ubuntu-cloudinit-template",
            "clone_wait": 0,
            "cloudinit_cdrom_storage": null,
            "cores": 2,
            "cpu": "host",
            "default_ipv4_address": "192.168.9.11",
            "define_connection_info": true,
            "desc": "",
            "disk": [
              {
                "aio": "",
                "backup": 0,
                "cache": "none",
                "discard": "",
                "file": "100/vm-100-disk-0.raw",
                "format": "raw",
                "iothread": 1,
                "mbps": 0,
                "mbps_rd": 0,
                "mbps_rd_max": 0,
                "mbps_wr": 0,
                "mbps_wr_max": 0,
                "media": "",
                "replicate": 0,
                "size": "10G",
                "slot": 0,
                "ssd": 0,
                "storage": "storage",
                "storage_type": "dir",
                "type": "scsi",
                "volume": "storage:100/vm-100-disk-0.raw"
              }
            ],
            "disk_gb": 0,
            "force_create": false,
            "force_recreate_on_change_of": null,
            "full_clone": true,
            "guest_agent_ready_timeout": 100,
            "hagroup": "",
            "hastate": "",
            "hotplug": "network,disk,usb",
            "id": "discovery/qemu/100",
            "ipconfig0": "ip=192.168.9.11/24,gw=192.168.9.1",
            "ipconfig1": "",
            "ipconfig2": "",
            "ipconfig3": "",
            "ipconfig4": "",
            "ipconfig5": "",
            "iso": null,
            "kvm": true,
            "mac": "",
            "memory": 2048,
            "name": "test-vm-1",
            "nameserver": "192.168.9.6",
            "network": [
              {
                "bridge": "vmbr0",
                "firewall": false,
                "link_down": false,
                "macaddr": "06:AB:20:E6:B3:87",
                "model": "virtio",
                "mtu": 0,
                "queues": 0,
                "rate": 0,
                "tag": -1
              }
            ],
            "nic": "",
            "numa": false,
            "onboot": false,
            "oncreate": true,
            "os_network_config": null,
            "os_type": "cloud-init",
            "pool": "",
            "preprovision": true,
            "pxe": null,
            "qemu_os": "other",
            "reboot_required": false,
            "scsihw": "virtio-scsi-pci",
            "searchdomain": "192.168.9.5",
            "serial": [],
            "sockets": 1,
            "ssh_forward_ip": null,
            "ssh_host": "192.168.9.11",
            "ssh_port": "22",
            "ssh_private_key": null,
            "ssh_user": null,
            "sshkeys": "ecdsa-sha2-nistp521 AAAAE2VjZHNhLXNoYTItbmlzdHA1MjEAAAAIbmlzdHA1MjEAAACFBAHVc0u3cYyf/5OYSSaq6SHA4leplbnjtgeSO4Q/YnINd6gLu2lFCBjmqKUEC5hcoNduVZ1rDsdZukWKxUVkza1nLADhGWpETKhYhrbAK8iejq3WWVbkS7ka+mPVGtDs9iwQLr8A5fstW4ZbOoW9yvXV7Z+MobX3oh4ks8fXqicMpMxMlg== kolin@Enterprise\necdsa-sha2-nistp521 AAAAE2VjZHNhLXNoYTItbmlzdHA1MjEAAAAIbmlzdHA1MjEAAACFBAGkgiD7guFU6pc7GwchfPknc+r2UuvQcL7mA7TzWRX8v1EaozCabWkuQY3rbW1uIWXZqil9BImRED5G6pCnREuY1ADZm/Nd4BnsA0FOsZv00NkKTAO6ide2Hljm5uQek+wCE6WqwJwgusfdmsidNF9yZRFVsiwP9bf3hgUcamx6B1hbkg== dax@Voyager",
            "storage": "",
            "storage_type": "",
            "tablet": true,
            "tags": "",
            "target_node": "discovery",
            "timeouts": null,
            "unused_disk": [],
            "usb": [],
            "vcpus": 0,
            "vga": [],
            "vlan": -1,
            "vmid": null
          },
          "sensitive_attributes": [],
          "private": "eyJlMmJmYjczMC1lY2FhLTExZTYtOGY4OC0zNDM2M2JjN2M0YzAiOnsiY3JlYXRlIjozMDAwMDAwMDAwMDAsImRlZmF1bHQiOjMwMDAwMDAwMDAwMCwiZGVsZXRlIjoxODAwMDAwMDAwMDAsInJlYWQiOjE4MDAwMDAwMDAwMCwidXBkYXRlIjoxODAwMDAwMDAwMDB9fQ=="
        }
      ]
    }
  ]
}
